
Microsoft Visual Studio Solution File, Format Version 12.00
# Visual Studio Version 16
VisualStudioVersion = 16.0.29806.167
MinimumVisualStudioVersion = 10.0.40219.1
Project("{9A19103F-16F7-4668-BE54-9A1E7A4F7556}") = "Foxy.Core", "Foxy.Core\Foxy.Core.csproj", "{B71C0262-EF13-4EDD-841A-3DEE19F6E7FF}"
EndProject
Project("{9A19103F-16F7-4668-BE54-9A1E7A4F7556}") = "Foxy.Core.Tests", "Foxy.Core.Tests\Foxy.Core.Tests.csproj", "{984961CA-71AD-4FE5-84FF-326BF389FCBE}"
EndProject
Project("{9A19103F-16F7-4668-BE54-9A1E7A4F7556}") = "NaturalStringComparer.BenchmarkDotNet", "StringNaturalComparer.BenchmarkDotNet\NaturalStringComparer.BenchmarkDotNet.csproj", "{AA9FC72F-17FC-4808-9BBA-B5EE56F1A0DE}"
EndProject
Project("{9A19103F-16F7-4668-BE54-9A1E7A4F7556}") = "Examples", "Examples\Examples.csproj", "{B0E8474E-9BC0-469D-8554-0254F781AAE7}"
EndProject
Project("{2150E333-8FDC-42A3-9474-1A3956D46DE8}") = "Solution Items", "Solution Items", "{DDC47FF5-3B8C-4130-A0E4-74613EDFCAED}"
	ProjectSection(SolutionItems) = preProject
		icon.png = icon.png
	EndProjectSection
EndProject
Project("{FAE04EC0-301F-11D3-BF4B-00C04F79EFBC}") = "CustomSourceGenerators", "CustomSourceGenerators\CustomSourceGenerators.csproj", "{B88AD1CA-BC22-40D9-A1A3-6C3354802276}"
EndProject
Global
	GlobalSection(SolutionConfigurationPlatforms) = preSolution
		Debug|Any CPU = Debug|Any CPU
		Release|Any CPU = Release|Any CPU
	EndGlobalSection
	GlobalSection(ProjectConfigurationPlatforms) = postSolution
		{B71C0262-EF13-4EDD-841A-3DEE19F6E7FF}.Debug|Any CPU.ActiveCfg = Debug|Any CPU
		{B71C0262-EF13-4EDD-841A-3DEE19F6E7FF}.Debug|Any CPU.Build.0 = Debug|Any CPU
		{B71C0262-EF13-4EDD-841A-3DEE19F6E7FF}.Release|Any CPU.ActiveCfg = Release|Any CPU
		{B71C0262-EF13-4EDD-841A-3DEE19F6E7FF}.Release|Any CPU.Build.0 = Release|Any CPU
		{984961CA-71AD-4FE5-84FF-326BF389FCBE}.Debug|Any CPU.ActiveCfg = Debug|Any CPU
		{984961CA-71AD-4FE5-84FF-326BF389FCBE}.Debug|Any CPU.Build.0 = Debug|Any CPU
		{984961CA-71AD-4FE5-84FF-326BF389FCBE}.Release|Any CPU.ActiveCfg = Release|Any CPU
		{984961CA-71AD-4FE5-84FF-326BF389FCBE}.Release|Any CPU.Build.0 = Release|Any CPU
		{AA9FC72F-17FC-4808-9BBA-B5EE56F1A0DE}.Debug|Any CPU.ActiveCfg = Debug|Any CPU
		{AA9FC72F-17FC-4808-9BBA-B5EE56F1A0DE}.Debug|Any CPU.Build.0 = Debug|Any CPU
		{AA9FC72F-17FC-4808-9BBA-B5EE56F1A0DE}.Release|Any CPU.ActiveCfg = Release|Any CPU
		{AA9FC72F-17FC-4808-9BBA-B5EE56F1A0DE}.Release|Any CPU.Build.0 = Release|Any CPU
		{B0E8474E-9BC0-469D-8554-0254F781AAE7}.Debug|Any CPU.ActiveCfg = Debug|Any CPU
		{B0E8474E-9BC0-469D-8554-0254F781AAE7}.Debug|Any CPU.Build.0 = Debug|Any CPU
		{B0E8474E-9BC0-469D-8554-0254F781AAE7}.Release|Any CPU.ActiveCfg = Release|Any CPU
		{B0E8474E-9BC0-469D-8554-0254F781AAE7}.Release|Any CPU.Build.0 = Release|Any CPU
		{B88AD1CA-BC22-40D9-A1A3-6C3354802276}.Debug|Any CPU.ActiveCfg = Debug|Any CPU
		{B88AD1CA-BC22-40D9-A1A3-6C3354802276}.Debug|Any CPU.Build.0 = Debug|Any CPU
		{B88AD1CA-BC22-40D9-A1A3-6C3354802276}.Release|Any CPU.ActiveCfg = Release|Any CPU
		{B88AD1CA-BC22-40D9-A1A3-6C3354802276}.Release|Any CPU.Build.0 = Release|Any CPU
	EndGlobalSection
	GlobalSection(SolutionProperties) = preSolution
		HideSolutionNode = FALSE
	EndGlobalSection
	GlobalSection(ExtensibilityGlobals) = postSolution
		SolutionGuid = {C9252C7C-089C-4E00-8D61-10D23FC5756B}
	EndGlobalSection
EndGlobal
